// !$*UTF8*$!
{
	archiveVersion = 1;
	classes = {
	};
	objectVersion = 56;
	objects = {

/* Begin PBXBuildFile section */
		F64F69F72D11126700385C9D /* LLRDandD.xcdatamodeld in Sources */ = {isa = PBXBuildFile; fileRef = F64F69F52D11126700385C9D /* LLRDandD.xcdatamodeld */; };
		F66014672D05A4F4000E6CBD /* Router.swift in Sources */ = {isa = PBXBuildFile; fileRef = F66014662D05A4F4000E6CBD /* Router.swift */; };
		F66014692D06802C000E6CBD /* DataForView.swift in Sources */ = {isa = PBXBuildFile; fileRef = F66014682D06802C000E6CBD /* DataForView.swift */; };
		F660146D2D068247000E6CBD /* FilterStruct.swift in Sources */ = {isa = PBXBuildFile; fileRef = F660146C2D068247000E6CBD /* FilterStruct.swift */; };
		F683C7972D0930E5008A0411 /* SectionStruct.swift in Sources */ = {isa = PBXBuildFile; fileRef = F683C7962D0930E5008A0411 /* SectionStruct.swift */; };
		F6995A282D04090500F96976 /* LLRDandDAppApp.swift in Sources */ = {isa = PBXBuildFile; fileRef = F6995A272D04090500F96976 /* LLRDandDAppApp.swift */; };
		F6995A2A2D04090500F96976 /* ContentView.swift in Sources */ = {isa = PBXBuildFile; fileRef = F6995A292D04090500F96976 /* ContentView.swift */; };
		F6995A2C2D04090B00F96976 /* Assets.xcassets in Resources */ = {isa = PBXBuildFile; fileRef = F6995A2B2D04090B00F96976 /* Assets.xcassets */; };
		F6995A2F2D04090B00F96976 /* Preview Assets.xcassets in Resources */ = {isa = PBXBuildFile; fileRef = F6995A2E2D04090B00F96976 /* Preview Assets.xcassets */; };
		F6995A392D04090C00F96976 /* LLRDandDAppTests.swift in Sources */ = {isa = PBXBuildFile; fileRef = F6995A382D04090C00F96976 /* LLRDandDAppTests.swift */; };
		F6995A432D04090C00F96976 /* LLRDandDAppUITests.swift in Sources */ = {isa = PBXBuildFile; fileRef = F6995A422D04090C00F96976 /* LLRDandDAppUITests.swift */; };
		F6995A452D04090C00F96976 /* LLRDandDAppUITestsLaunchTests.swift in Sources */ = {isa = PBXBuildFile; fileRef = F6995A442D04090C00F96976 /* LLRDandDAppUITestsLaunchTests.swift */; };
		F6995A522D0418CC00F96976 /* Protocols.swift in Sources */ = {isa = PBXBuildFile; fileRef = F6995A512D0418CC00F96976 /* Protocols.swift */; };
		F6995A542D04362A00F96976 /* TopBarStruct.swift in Sources */ = {isa = PBXBuildFile; fileRef = F6995A532D04362A00F96976 /* TopBarStruct.swift */; };
		F69D3C8D2D0F00F70026DF31 /* Dishes+extension.swift in Sources */ = {isa = PBXBuildFile; fileRef = F69D3C8C2D0F00F70026DF31 /* Dishes+extension.swift */; };
		F69D3C8F2D0F04DE0026DF31 /* Category+extension.swift in Sources */ = {isa = PBXBuildFile; fileRef = F69D3C8E2D0F04DE0026DF31 /* Category+extension.swift */; };
		F69D3C912D0F156C0026DF31 /* Persistence.swift in Sources */ = {isa = PBXBuildFile; fileRef = F69D3C902D0F156C0026DF31 /* Persistence.swift */; };
		F6E425902D07D6E500931180 /* CustomStyle.swift in Sources */ = {isa = PBXBuildFile; fileRef = F6E4258F2D07D6E500931180 /* CustomStyle.swift */; };
		F6E425952D07DA0800931180 /* SettingsStruct.swift in Sources */ = {isa = PBXBuildFile; fileRef = F6E425942D07DA0800931180 /* SettingsStruct.swift */; };
/* End PBXBuildFile section */

/* Begin PBXContainerItemProxy section */
		F6995A352D04090C00F96976 /* PBXContainerItemProxy */ = {
			isa = PBXContainerItemProxy;
			containerPortal = F6995A1C2D04090500F96976 /* Project object */;
			proxyType = 1;
			remoteGlobalIDString = F6995A232D04090500F96976;
			remoteInfo = LLRDandDApp;
		};
		F6995A3F2D04090C00F96976 /* PBXContainerItemProxy */ = {
			isa = PBXContainerItemProxy;
			containerPortal = F6995A1C2D04090500F96976 /* Project object */;
			proxyType = 1;
			remoteGlobalIDString = F6995A232D04090500F96976;
			remoteInfo = LLRDandDApp;
		};
/* End PBXContainerItemProxy section */

/* Begin PBXFileReference section */
		F64F69F62D11126700385C9D /* LLRDandD.xcdatamodel */ = {isa = PBXFileReference; lastKnownFileType = wrapper.xcdatamodel; path = LLRDandD.xcdatamodel; sourceTree = "<group>"; };
		F66014662D05A4F4000E6CBD /* Router.swift */ = {isa = PBXFileReference; lastKnownFileType = sourcecode.swift; path = Router.swift; sourceTree = "<group>"; };
		F66014682D06802C000E6CBD /* DataForView.swift */ = {isa = PBXFileReference; lastKnownFileType = sourcecode.swift; path = DataForView.swift; sourceTree = "<group>"; };
		F660146C2D068247000E6CBD /* FilterStruct.swift */ = {isa = PBXFileReference; lastKnownFileType = sourcecode.swift; path = FilterStruct.swift; sourceTree = "<group>"; };
		F683C7962D0930E5008A0411 /* SectionStruct.swift */ = {isa = PBXFileReference; lastKnownFileType = sourcecode.swift; path = SectionStruct.swift; sourceTree = "<group>"; };
		F6995A242D04090500F96976 /* LLRDandDApp.app */ = {isa = PBXFileReference; explicitFileType = wrapper.application; includeInIndex = 0; path = LLRDandDApp.app; sourceTree = BUILT_PRODUCTS_DIR; };
		F6995A272D04090500F96976 /* LLRDandDAppApp.swift */ = {isa = PBXFileReference; lastKnownFileType = sourcecode.swift; path = LLRDandDAppApp.swift; sourceTree = "<group>"; };
		F6995A292D04090500F96976 /* ContentView.swift */ = {isa = PBXFileReference; lastKnownFileType = sourcecode.swift; path = ContentView.swift; sourceTree = "<group>"; };
		F6995A2B2D04090B00F96976 /* Assets.xcassets */ = {isa = PBXFileReference; lastKnownFileType = folder.assetcatalog; path = Assets.xcassets; sourceTree = "<group>"; };
		F6995A2E2D04090B00F96976 /* Preview Assets.xcassets */ = {isa = PBXFileReference; lastKnownFileType = folder.assetcatalog; path = "Preview Assets.xcassets"; sourceTree = "<group>"; };
		F6995A342D04090C00F96976 /* LLRDandDAppTests.xctest */ = {isa = PBXFileReference; explicitFileType = wrapper.cfbundle; includeInIndex = 0; path = LLRDandDAppTests.xctest; sourceTree = BUILT_PRODUCTS_DIR; };
		F6995A382D04090C00F96976 /* LLRDandDAppTests.swift */ = {isa = PBXFileReference; lastKnownFileType = sourcecode.swift; path = LLRDandDAppTests.swift; sourceTree = "<group>"; };
		F6995A3E2D04090C00F96976 /* LLRDandDAppUITests.xctest */ = {isa = PBXFileReference; explicitFileType = wrapper.cfbundle; includeInIndex = 0; path = LLRDandDAppUITests.xctest; sourceTree = BUILT_PRODUCTS_DIR; };
		F6995A422D04090C00F96976 /* LLRDandDAppUITests.swift */ = {isa = PBXFileReference; lastKnownFileType = sourcecode.swift; path = LLRDandDAppUITests.swift; sourceTree = "<group>"; };
		F6995A442D04090C00F96976 /* LLRDandDAppUITestsLaunchTests.swift */ = {isa = PBXFileReference; lastKnownFileType = sourcecode.swift; path = LLRDandDAppUITestsLaunchTests.swift; sourceTree = "<group>"; };
		F6995A512D0418CC00F96976 /* Protocols.swift */ = {isa = PBXFileReference; lastKnownFileType = sourcecode.swift; path = Protocols.swift; sourceTree = "<group>"; };
		F6995A532D04362A00F96976 /* TopBarStruct.swift */ = {isa = PBXFileReference; lastKnownFileType = sourcecode.swift; path = TopBarStruct.swift; sourceTree = "<group>"; };
		F69D3C8C2D0F00F70026DF31 /* Dishes+extension.swift */ = {isa = PBXFileReference; lastKnownFileType = sourcecode.swift; path = "Dishes+extension.swift"; sourceTree = "<group>"; };
		F69D3C8E2D0F04DE0026DF31 /* Category+extension.swift */ = {isa = PBXFileReference; lastKnownFileType = sourcecode.swift; path = "Category+extension.swift"; sourceTree = "<group>"; };
		F69D3C902D0F156C0026DF31 /* Persistence.swift */ = {isa = PBXFileReference; lastKnownFileType = sourcecode.swift; path = Persistence.swift; sourceTree = "<group>"; };
		F6E4258F2D07D6E500931180 /* CustomStyle.swift */ = {isa = PBXFileReference; lastKnownFileType = sourcecode.swift; path = CustomStyle.swift; sourceTree = "<group>"; };
		F6E425942D07DA0800931180 /* SettingsStruct.swift */ = {isa = PBXFileReference; lastKnownFileType = sourcecode.swift; path = SettingsStruct.swift; sourceTree = "<group>"; };
/* End PBXFileReference section */

/* Begin PBXFrameworksBuildPhase section */
		F6995A212D04090500F96976 /* Frameworks */ = {
			isa = PBXFrameworksBuildPhase;
			buildActionMask = 2147483647;
			files = (
			);
			runOnlyForDeploymentPostprocessing = 0;
		};
		F6995A312D04090C00F96976 /* Frameworks */ = {
			isa = PBXFrameworksBuildPhase;
			buildActionMask = 2147483647;
			files = (
			);
			runOnlyForDeploymentPostprocessing = 0;
		};
		F6995A3B2D04090C00F96976 /* Frameworks */ = {
			isa = PBXFrameworksBuildPhase;
			buildActionMask = 2147483647;
			files = (
			);
			runOnlyForDeploymentPostprocessing = 0;
		};
/* End PBXFrameworksBuildPhase section */

/* Begin PBXGroup section */
		F6995A1B2D04090500F96976 = {
			isa = PBXGroup;
			children = (
				F6995A262D04090500F96976 /* LLRDandDApp */,
				F6995A372D04090C00F96976 /* LLRDandDAppTests */,
				F6995A412D04090C00F96976 /* LLRDandDAppUITests */,
				F6995A252D04090500F96976 /* Products */,
			);
			sourceTree = "<group>";
		};
		F6995A252D04090500F96976 /* Products */ = {
			isa = PBXGroup;
			children = (
				F6995A242D04090500F96976 /* LLRDandDApp.app */,
				F6995A342D04090C00F96976 /* LLRDandDAppTests.xctest */,
				F6995A3E2D04090C00F96976 /* LLRDandDAppUITests.xctest */,
			);
			name = Products;
			sourceTree = "<group>";
		};
		F6995A262D04090500F96976 /* LLRDandDApp */ = {
			isa = PBXGroup;
			children = (
				F6995A272D04090500F96976 /* LLRDandDAppApp.swift */,
				F6995A292D04090500F96976 /* ContentView.swift */,
				F6E425932D07D95A00931180 /* VViews */,
				F66014682D06802C000E6CBD /* DataForView.swift */,
				F6995A512D0418CC00F96976 /* Protocols.swift */,
				F66014662D05A4F4000E6CBD /* Router.swift */,
				F6E4258F2D07D6E500931180 /* CustomStyle.swift */,
				F6995A2B2D04090B00F96976 /* Assets.xcassets */,
				F69D3C8C2D0F00F70026DF31 /* Dishes+extension.swift */,
				F69D3C8E2D0F04DE0026DF31 /* Category+extension.swift */,
				F69D3C902D0F156C0026DF31 /* Persistence.swift */,
				F64F69F52D11126700385C9D /* LLRDandD.xcdatamodeld */,
				F6995A2D2D04090B00F96976 /* Preview Content */,
			);
			path = LLRDandDApp;
			sourceTree = "<group>";
		};
		F6995A2D2D04090B00F96976 /* Preview Content */ = {
			isa = PBXGroup;
			children = (
				F6995A2E2D04090B00F96976 /* Preview Assets.xcassets */,
			);
			path = "Preview Content";
			sourceTree = "<group>";
		};
		F6995A372D04090C00F96976 /* LLRDandDAppTests */ = {
			isa = PBXGroup;
			children = (
				F6995A382D04090C00F96976 /* LLRDandDAppTests.swift */,
			);
			path = LLRDandDAppTests;
			sourceTree = "<group>";
		};
		F6995A412D04090C00F96976 /* LLRDandDAppUITests */ = {
			isa = PBXGroup;
			children = (
				F6995A422D04090C00F96976 /* LLRDandDAppUITests.swift */,
				F6995A442D04090C00F96976 /* LLRDandDAppUITestsLaunchTests.swift */,
			);
			path = LLRDandDAppUITests;
			sourceTree = "<group>";
		};
		F6E425932D07D95A00931180 /* VViews */ = {
			isa = PBXGroup;
			children = (
				F6995A532D04362A00F96976 /* TopBarStruct.swift */,
				F660146C2D068247000E6CBD /* FilterStruct.swift */,
				F6E425942D07DA0800931180 /* SettingsStruct.swift */,
				F683C7962D0930E5008A0411 /* SectionStruct.swift */,
			);
			path = VViews;
			sourceTree = "<group>";
		};
/* End PBXGroup section */

/* Begin PBXNativeTarget section */
		F6995A232D04090500F96976 /* LLRDandDApp */ = {
			isa = PBXNativeTarget;
			buildConfigurationList = F6995A482D04090C00F96976 /* Build configuration list for PBXNativeTarget "LLRDandDApp" */;
			buildPhases = (
				F6995A202D04090500F96976 /* Sources */,
				F6995A212D04090500F96976 /* Frameworks */,
				F6995A222D04090500F96976 /* Resources */,
			);
			buildRules = (
			);
			dependencies = (
			);
			name = LLRDandDApp;
			productName = LLRDandDApp;
			productReference = F6995A242D04090500F96976 /* LLRDandDApp.app */;
			productType = "com.apple.product-type.application";
		};
		F6995A332D04090C00F96976 /* LLRDandDAppTests */ = {
			isa = PBXNativeTarget;
			buildConfigurationList = F6995A4B2D04090C00F96976 /* Build configuration list for PBXNativeTarget "LLRDandDAppTests" */;
			buildPhases = (
				F6995A302D04090C00F96976 /* Sources */,
				F6995A312D04090C00F96976 /* Frameworks */,
				F6995A322D04090C00F96976 /* Resources */,
			);
			buildRules = (
			);
			dependencies = (
				F6995A362D04090C00F96976 /* PBXTargetDependency */,
			);
			name = LLRDandDAppTests;
			productName = LLRDandDAppTests;
			productReference = F6995A342D04090C00F96976 /* LLRDandDAppTests.xctest */;
			productType = "com.apple.product-type.bundle.unit-test";
		};
		F6995A3D2D04090C00F96976 /* LLRDandDAppUITests */ = {
			isa = PBXNativeTarget;
			buildConfigurationList = F6995A4E2D04090C00F96976 /* Build configuration list for PBXNativeTarget "LLRDandDAppUITests" */;
			buildPhases = (
				F6995A3A2D04090C00F96976 /* Sources */,
				F6995A3B2D04090C00F96976 /* Frameworks */,
				F6995A3C2D04090C00F96976 /* Resources */,
			);
			buildRules = (
			);
			dependencies = (
				F6995A402D04090C00F96976 /* PBXTargetDependency */,
			);
			name = LLRDandDAppUITests;
			productName = LLRDandDAppUITests;
			productReference = F6995A3E2D04090C00F96976 /* LLRDandDAppUITests.xctest */;
			productType = "com.apple.product-type.bundle.ui-testing";
		};
/* End PBXNativeTarget section */

/* Begin PBXProject section */
		F6995A1C2D04090500F96976 /* Project object */ = {
			isa = PBXProject;
			attributes = {
				BuildIndependentTargetsInParallel = 1;
				LastSwiftUpdateCheck = 1520;
				LastUpgradeCheck = 1520;
				TargetAttributes = {
					F6995A232D04090500F96976 = {
						CreatedOnToolsVersion = 15.2;
					};
					F6995A332D04090C00F96976 = {
						CreatedOnToolsVersion = 15.2;
						TestTargetID = F6995A232D04090500F96976;
					};
					F6995A3D2D04090C00F96976 = {
						CreatedOnToolsVersion = 15.2;
						TestTargetID = F6995A232D04090500F96976;
					};
				};
			};
			buildConfigurationList = F6995A1F2D04090500F96976 /* Build configuration list for PBXProject "LLRDandDApp" */;
			compatibilityVersion = "Xcode 14.0";
			developmentRegion = en;
			hasScannedForEncodings = 0;
			knownRegions = (
				en,
				Base,
			);
			mainGroup = F6995A1B2D04090500F96976;
			productRefGroup = F6995A252D04090500F96976 /* Products */;
			projectDirPath = "";
			projectRoot = "";
			targets = (
				F6995A232D04090500F96976 /* LLRDandDApp */,
				F6995A332D04090C00F96976 /* LLRDandDAppTests */,
				F6995A3D2D04090C00F96976 /* LLRDandDAppUITests */,
			);
		};
/* End PBXProject section */

/* Begin PBXResourcesBuildPhase section */
		F6995A222D04090500F96976 /* Resources */ = {
			isa = PBXResourcesBuildPhase;
			buildActionMask = 2147483647;
			files = (
				F6995A2F2D04090B00F96976 /* Preview Assets.xcassets in Resources */,
				F6995A2C2D04090B00F96976 /* Assets.xcassets in Resources */,
			);
			runOnlyForDeploymentPostprocessing = 0;
		};
		F6995A322D04090C00F96976 /* Resources */ = {
			isa = PBXResourcesBuildPhase;
			buildActionMask = 2147483647;
			files = (
			);
			runOnlyForDeploymentPostprocessing = 0;
		};
		F6995A3C2D04090C00F96976 /* Resources */ = {
			isa = PBXResourcesBuildPhase;
			buildActionMask = 2147483647;
			files = (
			);
			runOnlyForDeploymentPostprocessing = 0;
		};
/* End PBXResourcesBuildPhase section */

/* Begin PBXSourcesBuildPhase section */
		F6995A202D04090500F96976 /* Sources */ = {
			isa = PBXSourcesBuildPhase;
			buildActionMask = 2147483647;
			files = (
				F69D3C8F2D0F04DE0026DF31 /* Category+extension.swift in Sources */,
				F683C7972D0930E5008A0411 /* SectionStruct.swift in Sources */,
				F69D3C8D2D0F00F70026DF31 /* Dishes+extension.swift in Sources */,
				F69D3C912D0F156C0026DF31 /* Persistence.swift in Sources */,
				F6E425952D07DA0800931180 /* SettingsStruct.swift in Sources */,
				F6E425902D07D6E500931180 /* CustomStyle.swift in Sources */,
				F6995A522D0418CC00F96976 /* Protocols.swift in Sources */,
				F6995A2A2D04090500F96976 /* ContentView.swift in Sources */,
				F66014692D06802C000E6CBD /* DataForView.swift in Sources */,
				F66014672D05A4F4000E6CBD /* Router.swift in Sources */,
				F64F69F72D11126700385C9D /* LLRDandD.xcdatamodeld in Sources */,
				F6995A542D04362A00F96976 /* TopBarStruct.swift in Sources */,
				F660146D2D068247000E6CBD /* FilterStruct.swift in Sources */,
				F6995A282D04090500F96976 /* LLRDandDAppApp.swift in Sources */,
			);
			runOnlyForDeploymentPostprocessing = 0;
		};
		F6995A302D04090C00F96976 /* Sources */ = {
			isa = PBXSourcesBuildPhase;
			buildActionMask = 2147483647;
			files = (
				F6995A392D04090C00F96976 /* LLRDandDAppTests.swift in Sources */,
			);
			runOnlyForDeploymentPostprocessing = 0;
		};
		F6995A3A2D04090C00F96976 /* Sources */ = {
			isa = PBXSourcesBuildPhase;
			buildActionMask = 2147483647;
			files = (
				F6995A432D04090C00F96976 /* LLRDandDAppUITests.swift in Sources */,
				F6995A452D04090C00F96976 /* LLRDandDAppUITestsLaunchTests.swift in Sources */,
			);
			runOnlyForDeploymentPostprocessing = 0;
		};
/* End PBXSourcesBuildPhase section */

/* Begin PBXTargetDependency section */
		F6995A362D04090C00F96976 /* PBXTargetDependency */ = {
			isa = PBXTargetDependency;
			target = F6995A232D04090500F96976 /* LLRDandDApp */;
			targetProxy = F6995A352D04090C00F96976 /* PBXContainerItemProxy */;
		};
		F6995A402D04090C00F96976 /* PBXTargetDependency */ = {
			isa = PBXTargetDependency;
			target = F6995A232D04090500F96976 /* LLRDandDApp */;
			targetProxy = F6995A3F2D04090C00F96976 /* PBXContainerItemProxy */;
		};
/* End PBXTargetDependency section */

/* Begin XCBuildConfiguration section */
		F6995A462D04090C00F96976 /* Debug */ = {
			isa = XCBuildConfiguration;
			buildSettings = {
				ALWAYS_SEARCH_USER_PATHS = NO;
				ASSETCATALOG_COMPILER_GENERATE_SWIFT_ASSET_SYMBOL_EXTENSIONS = YES;
				CLANG_ANALYZER_NONNULL = YES;
				CLANG_ANALYZER_NUMBER_OBJECT_CONVERSION = YES_AGGRESSIVE;
				CLANG_CXX_LANGUAGE_STANDARD = "gnu++20";
				CLANG_ENABLE_MODULES = YES;
				CLANG_ENABLE_OBJC_ARC = YES;
				CLANG_ENABLE_OBJC_WEAK = YES;
				CLANG_WARN_BLOCK_CAPTURE_AUTORELEASING = YES;
				CLANG_WARN_BOOL_CONVERSION = YES;
				CLANG_WARN_COMMA = YES;
				CLANG_WARN_CONSTANT_CONVERSION = YES;
				CLANG_WARN_DEPRECATED_OBJC_IMPLEMENTATIONS = YES;
				CLANG_WARN_DIRECT_OBJC_ISA_USAGE = YES_ERROR;
				CLANG_WARN_DOCUMENTATION_COMMENTS = YES;
				CLANG_WARN_EMPTY_BODY = YES;
				CLANG_WARN_ENUM_CONVERSION = YES;
				CLANG_WARN_INFINITE_RECURSION = YES;
				CLANG_WARN_INT_CONVERSION = YES;
				CLANG_WARN_NON_LITERAL_NULL_CONVERSION = YES;
				CLANG_WARN_OBJC_IMPLICIT_RETAIN_SELF = YES;
				CLANG_WARN_OBJC_LITERAL_CONVERSION = YES;
				CLANG_WARN_OBJC_ROOT_CLASS = YES_ERROR;
				CLANG_WARN_QUOTED_INCLUDE_IN_FRAMEWORK_HEADER = YES;
				CLANG_WARN_RANGE_LOOP_ANALYSIS = YES;
				CLANG_WARN_STRICT_PROTOTYPES = YES;
				CLANG_WARN_SUSPICIOUS_MOVE = YES;
				CLANG_WARN_UNGUARDED_AVAILABILITY = YES_AGGRESSIVE;
				CLANG_WARN_UNREACHABLE_CODE = YES;
				CLANG_WARN__DUPLICATE_METHOD_MATCH = YES;
				COPY_PHASE_STRIP = NO;
				DEBUG_INFORMATION_FORMAT = dwarf;
				ENABLE_STRICT_OBJC_MSGSEND = YES;
				ENABLE_TESTABILITY = YES;
				ENABLE_USER_SCRIPT_SANDBOXING = YES;
				GCC_C_LANGUAGE_STANDARD = gnu17;
				GCC_DYNAMIC_NO_PIC = NO;
				GCC_NO_COMMON_BLOCKS = YES;
				GCC_OPTIMIZATION_LEVEL = 0;
				GCC_PREPROCESSOR_DEFINITIONS = (
					"DEBUG=1",
					"$(inherited)",
				);
				GCC_WARN_64_TO_32_BIT_CONVERSION = YES;
				GCC_WARN_ABOUT_RETURN_TYPE = YES_ERROR;
				GCC_WARN_UNDECLARED_SELECTOR = YES;
				GCC_WARN_UNINITIALIZED_AUTOS = YES_AGGRESSIVE;
				GCC_WARN_UNUSED_FUNCTION = YES;
				GCC_WARN_UNUSED_VARIABLE = YES;
				IPHONEOS_DEPLOYMENT_TARGET = 17.2;
				LOCALIZATION_PREFERS_STRING_CATALOGS = YES;
				MTL_ENABLE_DEBUG_INFO = INCLUDE_SOURCE;
				MTL_FAST_MATH = YES;
				ONLY_ACTIVE_ARCH = YES;
				SDKROOT = iphoneos;
				SWIFT_ACTIVE_COMPILATION_CONDITIONS = "DEBUG $(inherited)";
				SWIFT_OPTIMIZATION_LEVEL = "-Onone";
			};
			name = Debug;
		};
		F6995A472D04090C00F96976 /* Release */ = {
			isa = XCBuildConfiguration;
			buildSettings = {
				ALWAYS_SEARCH_USER_PATHS = NO;
				ASSETCATALOG_COMPILER_GENERATE_SWIFT_ASSET_SYMBOL_EXTENSIONS = YES;
				CLANG_ANALYZER_NONNULL = YES;
				CLANG_ANALYZER_NUMBER_OBJECT_CONVERSION = YES_AGGRESSIVE;
				CLANG_CXX_LANGUAGE_STANDARD = "gnu++20";
				CLANG_ENABLE_MODULES = YES;
				CLANG_ENABLE_OBJC_ARC = YES;
				CLANG_ENABLE_OBJC_WEAK = YES;
				CLANG_WARN_BLOCK_CAPTURE_AUTORELEASING = YES;
				CLANG_WARN_BOOL_CONVERSION = YES;
				CLANG_WARN_COMMA = YES;
				CLANG_WARN_CONSTANT_CONVERSION = YES;
				CLANG_WARN_DEPRECATED_OBJC_IMPLEMENTATIONS = YES;
				CLANG_WARN_DIRECT_OBJC_ISA_USAGE = YES_ERROR;
				CLANG_WARN_DOCUMENTATION_COMMENTS = YES;
				CLANG_WARN_EMPTY_BODY = YES;
				CLANG_WARN_ENUM_CONVERSION = YES;
				CLANG_WARN_INFINITE_RECURSION = YES;
				CLANG_WARN_INT_CONVERSION = YES;
				CLANG_WARN_NON_LITERAL_NULL_CONVERSION = YES;
				CLANG_WARN_OBJC_IMPLICIT_RETAIN_SELF = YES;
				CLANG_WARN_OBJC_LITERAL_CONVERSION = YES;
				CLANG_WARN_OBJC_ROOT_CLASS = YES_ERROR;
				CLANG_WARN_QUOTED_INCLUDE_IN_FRAMEWORK_HEADER = YES;
				CLANG_WARN_RANGE_LOOP_ANALYSIS = YES;
				CLANG_WARN_STRICT_PROTOTYPES = YES;
				CLANG_WARN_SUSPICIOUS_MOVE = YES;
				CLANG_WARN_UNGUARDED_AVAILABILITY = YES_AGGRESSIVE;
				CLANG_WARN_UNREACHABLE_CODE = YES;
				CLANG_WARN__DUPLICATE_METHOD_MATCH = YES;
				COPY_PHASE_STRIP = NO;
				DEBUG_INFORMATION_FORMAT = "dwarf-with-dsym";
				ENABLE_NS_ASSERTIONS = NO;
				ENABLE_STRICT_OBJC_MSGSEND = YES;
				ENABLE_USER_SCRIPT_SANDBOXING = YES;
				GCC_C_LANGUAGE_STANDARD = gnu17;
				GCC_NO_COMMON_BLOCKS = YES;
				GCC_WARN_64_TO_32_BIT_CONVERSION = YES;
				GCC_WARN_ABOUT_RETURN_TYPE = YES_ERROR;
				GCC_WARN_UNDECLARED_SELECTOR = YES;
				GCC_WARN_UNINITIALIZED_AUTOS = YES_AGGRESSIVE;
				GCC_WARN_UNUSED_FUNCTION = YES;
				GCC_WARN_UNUSED_VARIABLE = YES;
				IPHONEOS_DEPLOYMENT_TARGET = 17.2;
				LOCALIZATION_PREFERS_STRING_CATALOGS = YES;
				MTL_ENABLE_DEBUG_INFO = NO;
				MTL_FAST_MATH = YES;
				SDKROOT = iphoneos;
				SWIFT_COMPILATION_MODE = wholemodule;
				VALIDATE_PRODUCT = YES;
			};
			name = Release;
		};
		F6995A492D04090C00F96976 /* Debug */ = {
			isa = XCBuildConfiguration;
			buildSettings = {
				ASSETCATALOG_COMPILER_APPICON_NAME = AppIcon;
				ASSETCATALOG_COMPILER_GLOBAL_ACCENT_COLOR_NAME = AccentColor;
				CODE_SIGN_STYLE = Automatic;
				CURRENT_PROJECT_VERSION = 1;
				DEVELOPMENT_ASSET_PATHS = "\"LLRDandDApp/Preview Content\"";
				DEVELOPMENT_TEAM = 22X5F6YS45;
				ENABLE_PREVIEWS = YES;
				GENERATE_INFOPLIST_FILE = YES;
				INFOPLIST_KEY_UIApplicationSceneManifest_Generation = YES;
				INFOPLIST_KEY_UIApplicationSupportsIndirectInputEvents = YES;
				INFOPLIST_KEY_UILaunchScreen_Generation = YES;
				INFOPLIST_KEY_UISupportedInterfaceOrientations_iPad = "UIInterfaceOrientationPortrait UIInterfaceOrientationPortraitUpsideDown UIInterfaceOrientationLandscapeLeft UIInterfaceOrientationLandscapeRight";
				INFOPLIST_KEY_UISupportedInterfaceOrientations_iPhone = "UIInterfaceOrientationPortrait UIInterfaceOrientationLandscapeLeft UIInterfaceOrientationLandscapeRight";
				LD_RUNPATH_SEARCH_PATHS = (
					"$(inherited)",
					"@executable_path/Frameworks",
				);
				MARKETING_VERSION = 1.0;
				PRODUCT_BUNDLE_IDENTIFIER = Slight.LLRDandDApp;
				PRODUCT_NAME = "$(TARGET_NAME)";
				SWIFT_EMIT_LOC_STRINGS = YES;
				SWIFT_VERSION = 5.0;
				TARGETED_DEVICE_FAMILY = "1,2";
			};
			name = Debug;
		};
		F6995A4A2D04090C00F96976 /* Release */ = {
			isa = XCBuildConfiguration;
			buildSettings = {
				ASSETCATALOG_COMPILER_APPICON_NAME = AppIcon;
				ASSETCATALOG_COMPILER_GLOBAL_ACCENT_COLOR_NAME = AccentColor;
				CODE_SIGN_STYLE = Automatic;
				CURRENT_PROJECT_VERSION = 1;
				DEVELOPMENT_ASSET_PATHS = "\"LLRDandDApp/Preview Content\"";
				DEVELOPMENT_TEAM = 22X5F6YS45;
				ENABLE_PREVIEWS = YES;
				GENERATE_INFOPLIST_FILE = YES;
				INFOPLIST_KEY_UIApplicationSceneManifest_Generation = YES;
				INFOPLIST_KEY_UIApplicationSupportsIndirectInputEvents = YES;
				INFOPLIST_KEY_UILaunchScreen_Generation = YES;
				INFOPLIST_KEY_UISupportedInterfaceOrientations_iPad = "UIInterfaceOrientationPortrait UIInterfaceOrientationPortraitUpsideDown UIInterfaceOrientationLandscapeLeft UIInterfaceOrientationLandscapeRight";
				INFOPLIST_KEY_UISupportedInterfaceOrientations_iPhone = "UIInterfaceOrientationPortrait UIInterfaceOrientationLandscapeLeft UIInterfaceOrientationLandscapeRight";
				LD_RUNPATH_SEARCH_PATHS = (
					"$(inherited)",
					"@executable_path/Frameworks",
				);
				MARKETING_VERSION = 1.0;
				PRODUCT_BUNDLE_IDENTIFIER = Slight.LLRDandDApp;
				PRODUCT_NAME = "$(TARGET_NAME)";
				SWIFT_EMIT_LOC_STRINGS = YES;
				SWIFT_VERSION = 5.0;
				TARGETED_DEVICE_FAMILY = "1,2";
			};
			name = Release;
		};
		F6995A4C2D04090C00F96976 /* Debug */ = {
			isa = XCBuildConfiguration;
			buildSettings = {
				ALWAYS_EMBED_SWIFT_STANDARD_LIBRARIES = YES;
				BUNDLE_LOADER = "$(TEST_HOST)";
				CODE_SIGN_STYLE = Automatic;
				CURRENT_PROJECT_VERSION = 1;
				DEVELOPMENT_TEAM = 22X5F6YS45;
				GENERATE_INFOPLIST_FILE = YES;
				IPHONEOS_DEPLOYMENT_TARGET = 17.2;
				MARKETING_VERSION = 1.0;
				PRODUCT_BUNDLE_IDENTIFIER = Slight.LLRDandDAppTests;
				PRODUCT_NAME = "$(TARGET_NAME)";
				SWIFT_EMIT_LOC_STRINGS = NO;
				SWIFT_VERSION = 5.0;
				TARGETED_DEVICE_FAMILY = "1,2";
				TEST_HOST = "$(BUILT_PRODUCTS_DIR)/LLRDandDApp.app/$(BUNDLE_EXECUTABLE_FOLDER_PATH)/LLRDandDApp";
			};
			name = Debug;
		};
		F6995A4D2D04090C00F96976 /* Release */ = {
			isa = XCBuildConfiguration;
			buildSettings = {
				ALWAYS_EMBED_SWIFT_STANDARD_LIBRARIES = YES;
				BUNDLE_LOADER = "$(TEST_HOST)";
				CODE_SIGN_STYLE = Automatic;
				CURRENT_PROJECT_VERSION = 1;
				DEVELOPMENT_TEAM = 22X5F6YS45;
				GENERATE_INFOPLIST_FILE = YES;
				IPHONEOS_DEPLOYMENT_TARGET = 17.2;
				MARKETING_VERSION = 1.0;
				PRODUCT_BUNDLE_IDENTIFIER = Slight.LLRDandDAppTests;
				PRODUCT_NAME = "$(TARGET_NAME)";
				SWIFT_EMIT_LOC_STRINGS = NO;
				SWIFT_VERSION = 5.0;
				TARGETED_DEVICE_FAMILY = "1,2";
				TEST_HOST = "$(BUILT_PRODUCTS_DIR)/LLRDandDApp.app/$(BUNDLE_EXECUTABLE_FOLDER_PATH)/LLRDandDApp";
			};
			name = Release;
		};
		F6995A4F2D04090C00F96976 /* Debug */ = {
			isa = XCBuildConfiguration;
			buildSettings = {
				ALWAYS_EMBED_SWIFT_STANDARD_LIBRARIES = YES;
				CODE_SIGN_STYLE = Automatic;
				CURRENT_PROJECT_VERSION = 1;
				DEVELOPMENT_TEAM = 22X5F6YS45;
				GENERATE_INFOPLIST_FILE = YES;
				MARKETING_VERSION = 1.0;
				PRODUCT_BUNDLE_IDENTIFIER = Slight.LLRDandDAppUITests;
				PRODUCT_NAME = "$(TARGET_NAME)";
				SWIFT_EMIT_LOC_STRINGS = NO;
				SWIFT_VERSION = 5.0;
				TARGETED_DEVICE_FAMILY = "1,2";
				TEST_TARGET_NAME = LLRDandDApp;
			};
			name = Debug;
		};
		F6995A502D04090C00F96976 /* Release */ = {
			isa = XCBuildConfiguration;
			buildSettings = {
				ALWAYS_EMBED_SWIFT_STANDARD_LIBRARIES = YES;
				CODE_SIGN_STYLE = Automatic;
				CURRENT_PROJECT_VERSION = 1;
				DEVELOPMENT_TEAM = 22X5F6YS45;
				GENERATE_INFOPLIST_FILE = YES;
				MARKETING_VERSION = 1.0;
				PRODUCT_BUNDLE_IDENTIFIER = Slight.LLRDandDAppUITests;
				PRODUCT_NAME = "$(TARGET_NAME)";
				SWIFT_EMIT_LOC_STRINGS = NO;
				SWIFT_VERSION = 5.0;
				TARGETED_DEVICE_FAMILY = "1,2";
				TEST_TARGET_NAME = LLRDandDApp;
			};
			name = Release;
		};
/* End XCBuildConfiguration section */

/* Begin XCConfigurationList section */
		F6995A1F2D04090500F96976 /* Build configuration list for PBXProject "LLRDandDApp" */ = {
			isa = XCConfigurationList;
			buildConfigurations = (
				F6995A462D04090C00F96976 /* Debug */,
				F6995A472D04090C00F96976 /* Release */,
			);
			defaultConfigurationIsVisible = 0;
			defaultConfigurationName = Release;
		};
		F6995A482D04090C00F96976 /* Build configuration list for PBXNativeTarget "LLRDandDApp" */ = {
			isa = XCConfigurationList;
			buildConfigurations = (
				F6995A492D04090C00F96976 /* Debug */,
				F6995A4A2D04090C00F96976 /* Release */,
			);
			defaultConfigurationIsVisible = 0;
			defaultConfigurationName = Release;
		};
		F6995A4B2D04090C00F96976 /* Build configuration list for PBXNativeTarget "LLRDandDAppTests" */ = {
			isa = XCConfigurationList;
			buildConfigurations = (
				F6995A4C2D04090C00F96976 /* Debug */,
				F6995A4D2D04090C00F96976 /* Release */,
			);
			defaultConfigurationIsVisible = 0;
			defaultConfigurationName = Release;
		};
		F6995A4E2D04090C00F96976 /* Build configuration list for PBXNativeTarget "LLRDandDAppUITests" */ = {
			isa = XCConfigurationList;
			buildConfigurations = (
				F6995A4F2D04090C00F96976 /* Debug */,
				F6995A502D04090C00F96976 /* Release */,
			);
			defaultConfigurationIsVisible = 0;
			defaultConfigurationName = Release;
		};
/* End XCConfigurationList section */

/* Begin XCVersionGroup section */
		F64F69F52D11126700385C9D /* LLRDandD.xcdatamodeld */ = {
			isa = XCVersionGroup;
			children = (
				F64F69F62D11126700385C9D /* LLRDandD.xcdatamodel */,
			);
			currentVersion = F64F69F62D11126700385C9D /* LLRDandD.xcdatamodel */;
			path = LLRDandD.xcdatamodeld;
			sourceTree = "<group>";
			versionGroupType = wrapper.xcdatamodel;
		};
/* End XCVersionGroup section */
	};
	rootObject = F6995A1C2D04090500F96976 /* Project object */;
}
